// !$*UTF8*$!
{
	archiveVersion = 1;
	classes = {
	};
	objectVersion = 56;
	objects = {

/* Begin PBXBuildFile section */
		18EF9F062B91F04F00936D53 /* AppDelegate.swift in Sources */ = {isa = PBXBuildFile; fileRef = 18EF9F052B91F04F00936D53 /* AppDelegate.swift */; };
		18EF9F102B91F04F00936D53 /* AmaniAICase.xcdatamodeld in Sources */ = {isa = PBXBuildFile; fileRef = 18EF9F0E2B91F04F00936D53 /* AmaniAICase.xcdatamodeld */; };
		18EF9F122B91F05000936D53 /* Assets.xcassets in Resources */ = {isa = PBXBuildFile; fileRef = 18EF9F112B91F05000936D53 /* Assets.xcassets */; };
		18EF9F522B95DC6000936D53 /* HomeVC.swift in Sources */ = {isa = PBXBuildFile; fileRef = 18EF9F512B95DC6000936D53 /* HomeVC.swift */; };
		18EF9F542B95DC6B00936D53 /* ListVC.swift in Sources */ = {isa = PBXBuildFile; fileRef = 18EF9F532B95DC6B00936D53 /* ListVC.swift */; };
		18EF9F562B95DC7500936D53 /* DetailVC.swift in Sources */ = {isa = PBXBuildFile; fileRef = 18EF9F552B95DC7500936D53 /* DetailVC.swift */; };
		18EF9F592B95E83300936D53 /* DataModel.swift in Sources */ = {isa = PBXBuildFile; fileRef = 18EF9F582B95E83300936D53 /* DataModel.swift */; };
		18EF9F5D2B95E8B300936D53 /* NetworkManager.swift in Sources */ = {isa = PBXBuildFile; fileRef = 18EF9F5C2B95E8B300936D53 /* NetworkManager.swift */; };
		18EF9F602B9607C600936D53 /* ImageCell.swift in Sources */ = {isa = PBXBuildFile; fileRef = 18EF9F5F2B9607C600936D53 /* ImageCell.swift */; };
		18EF9F632B96082200936D53 /* UIImageViewExtensions.swift in Sources */ = {isa = PBXBuildFile; fileRef = 18EF9F622B96082200936D53 /* UIImageViewExtensions.swift */; };
		18EF9F652B9661A300936D53 /* HomeViewModel.swift in Sources */ = {isa = PBXBuildFile; fileRef = 18EF9F642B9661A300936D53 /* HomeViewModel.swift */; };
		18EF9F672B9661AD00936D53 /* ListViewModel.swift in Sources */ = {isa = PBXBuildFile; fileRef = 18EF9F662B9661AD00936D53 /* ListViewModel.swift */; };
		18EF9F692B9661B400936D53 /* DetailViewModel.swift in Sources */ = {isa = PBXBuildFile; fileRef = 18EF9F682B9661B400936D53 /* DetailViewModel.swift */; };
/* End PBXBuildFile section */

/* Begin PBXFileReference section */
		18EF9F022B91F04F00936D53 /* AmaniAICase.app */ = {isa = PBXFileReference; explicitFileType = wrapper.application; includeInIndex = 0; path = AmaniAICase.app; sourceTree = BUILT_PRODUCTS_DIR; };
		18EF9F052B91F04F00936D53 /* AppDelegate.swift */ = {isa = PBXFileReference; lastKnownFileType = sourcecode.swift; path = AppDelegate.swift; sourceTree = "<group>"; };
		18EF9F0F2B91F04F00936D53 /* AmaniAICase.xcdatamodel */ = {isa = PBXFileReference; lastKnownFileType = wrapper.xcdatamodel; path = AmaniAICase.xcdatamodel; sourceTree = "<group>"; };
		18EF9F112B91F05000936D53 /* Assets.xcassets */ = {isa = PBXFileReference; lastKnownFileType = folder.assetcatalog; path = Assets.xcassets; sourceTree = "<group>"; };
		18EF9F162B91F05000936D53 /* Info.plist */ = {isa = PBXFileReference; lastKnownFileType = text.plist.xml; path = Info.plist; sourceTree = "<group>"; };
		18EF9F512B95DC6000936D53 /* HomeVC.swift */ = {isa = PBXFileReference; lastKnownFileType = sourcecode.swift; path = HomeVC.swift; sourceTree = "<group>"; };
		18EF9F532B95DC6B00936D53 /* ListVC.swift */ = {isa = PBXFileReference; lastKnownFileType = sourcecode.swift; path = ListVC.swift; sourceTree = "<group>"; };
		18EF9F552B95DC7500936D53 /* DetailVC.swift */ = {isa = PBXFileReference; lastKnownFileType = sourcecode.swift; path = DetailVC.swift; sourceTree = "<group>"; };
		18EF9F582B95E83300936D53 /* DataModel.swift */ = {isa = PBXFileReference; lastKnownFileType = sourcecode.swift; path = DataModel.swift; sourceTree = "<group>"; };
		18EF9F5C2B95E8B300936D53 /* NetworkManager.swift */ = {isa = PBXFileReference; lastKnownFileType = sourcecode.swift; path = NetworkManager.swift; sourceTree = "<group>"; };
		18EF9F5F2B9607C600936D53 /* ImageCell.swift */ = {isa = PBXFileReference; lastKnownFileType = sourcecode.swift; path = ImageCell.swift; sourceTree = "<group>"; };
		18EF9F622B96082200936D53 /* UIImageViewExtensions.swift */ = {isa = PBXFileReference; lastKnownFileType = sourcecode.swift; path = UIImageViewExtensions.swift; sourceTree = "<group>"; };
		18EF9F642B9661A300936D53 /* HomeViewModel.swift */ = {isa = PBXFileReference; lastKnownFileType = sourcecode.swift; path = HomeViewModel.swift; sourceTree = "<group>"; };
		18EF9F662B9661AD00936D53 /* ListViewModel.swift */ = {isa = PBXFileReference; lastKnownFileType = sourcecode.swift; path = ListViewModel.swift; sourceTree = "<group>"; };
		18EF9F682B9661B400936D53 /* DetailViewModel.swift */ = {isa = PBXFileReference; lastKnownFileType = sourcecode.swift; path = DetailViewModel.swift; sourceTree = "<group>"; };
/* End PBXFileReference section */

/* Begin PBXFrameworksBuildPhase section */
		18EF9EFF2B91F04F00936D53 /* Frameworks */ = {
			isa = PBXFrameworksBuildPhase;
			buildActionMask = 2147483647;
			files = (
			);
			runOnlyForDeploymentPostprocessing = 0;
		};
/* End PBXFrameworksBuildPhase section */

/* Begin PBXGroup section */
		18EF9EF92B91F04F00936D53 = {
			isa = PBXGroup;
			children = (
				18EF9F042B91F04F00936D53 /* AmaniAICase */,
				18EF9F032B91F04F00936D53 /* Products */,
			);
			sourceTree = "<group>";
		};
		18EF9F032B91F04F00936D53 /* Products */ = {
			isa = PBXGroup;
			children = (
				18EF9F022B91F04F00936D53 /* AmaniAICase.app */,
			);
			name = Products;
			sourceTree = "<group>";
		};
		18EF9F042B91F04F00936D53 /* AmaniAICase */ = {
			isa = PBXGroup;
			children = (
				18EF9F1F2B91F3E000936D53 /* App */,
				18EF9F212B91F41D00936D53 /* Screens */,
				18EF9F572B95E81600936D53 /* Model */,
				18EF9F5E2B9607B900936D53 /* Views */,
				18EF9F5B2B95E89C00936D53 /* Managers */,
				18EF9F612B96080F00936D53 /* Extensions */,
				18EF9F202B91F40D00936D53 /* Resources */,
			);
			path = AmaniAICase;
			sourceTree = "<group>";
		};
		18EF9F1F2B91F3E000936D53 /* App */ = {
			isa = PBXGroup;
			children = (
				18EF9F052B91F04F00936D53 /* AppDelegate.swift */,
				18EF9F162B91F05000936D53 /* Info.plist */,
			);
			path = App;
			sourceTree = "<group>";
		};
		18EF9F202B91F40D00936D53 /* Resources */ = {
			isa = PBXGroup;
			children = (
				18EF9F112B91F05000936D53 /* Assets.xcassets */,
				18EF9F0E2B91F04F00936D53 /* AmaniAICase.xcdatamodeld */,
			);
			path = Resources;
			sourceTree = "<group>";
		};
		18EF9F212B91F41D00936D53 /* Screens */ = {
			isa = PBXGroup;
			children = (
				18EF9F512B95DC6000936D53 /* HomeVC.swift */,
				18EF9F532B95DC6B00936D53 /* ListVC.swift */,
				18EF9F552B95DC7500936D53 /* DetailVC.swift */,
			);
			path = Screens;
			sourceTree = "<group>";
		};
		18EF9F572B95E81600936D53 /* Model */ = {
			isa = PBXGroup;
			children = (
				18EF9F582B95E83300936D53 /* DataModel.swift */,
				18EF9F642B9661A300936D53 /* HomeViewModel.swift */,
				18EF9F662B9661AD00936D53 /* ListViewModel.swift */,
				18EF9F682B9661B400936D53 /* DetailViewModel.swift */,
			);
			path = Model;
			sourceTree = "<group>";
		};
		18EF9F5B2B95E89C00936D53 /* Managers */ = {
			isa = PBXGroup;
			children = (
				18EF9F5C2B95E8B300936D53 /* NetworkManager.swift */,
			);
			path = Managers;
			sourceTree = "<group>";
		};
		18EF9F5E2B9607B900936D53 /* Views */ = {
			isa = PBXGroup;
			children = (
				18EF9F5F2B9607C600936D53 /* ImageCell.swift */,
			);
			path = Views;
			sourceTree = "<group>";
		};
		18EF9F612B96080F00936D53 /* Extensions */ = {
			isa = PBXGroup;
			children = (
				18EF9F622B96082200936D53 /* UIImageViewExtensions.swift */,
			);
			path = Extensions;
			sourceTree = "<group>";
		};
/* End PBXGroup section */

/* Begin PBXNativeTarget section */
		18EF9F012B91F04F00936D53 /* AmaniAICase */ = {
			isa = PBXNativeTarget;
			buildConfigurationList = 18EF9F192B91F05000936D53 /* Build configuration list for PBXNativeTarget "AmaniAICase" */;
			buildPhases = (
				18EF9EFE2B91F04F00936D53 /* Sources */,
				18EF9EFF2B91F04F00936D53 /* Frameworks */,
				18EF9F002B91F04F00936D53 /* Resources */,
			);
			buildRules = (
			);
			dependencies = (
			);
			name = AmaniAICase;
			productName = AmaniAICase;
			productReference = 18EF9F022B91F04F00936D53 /* AmaniAICase.app */;
			productType = "com.apple.product-type.application";
		};
/* End PBXNativeTarget section */

/* Begin PBXProject section */
		18EF9EFA2B91F04F00936D53 /* Project object */ = {
			isa = PBXProject;
			attributes = {
				BuildIndependentTargetsInParallel = 1;
				LastSwiftUpdateCheck = 1430;
				LastUpgradeCheck = 1430;
				TargetAttributes = {
					18EF9F012B91F04F00936D53 = {
						CreatedOnToolsVersion = 14.3.1;
					};
				};
			};
			buildConfigurationList = 18EF9EFD2B91F04F00936D53 /* Build configuration list for PBXProject "AmaniAICase" */;
			compatibilityVersion = "Xcode 14.0";
			developmentRegion = en;
			hasScannedForEncodings = 0;
			knownRegions = (
				en,
				Base,
			);
			mainGroup = 18EF9EF92B91F04F00936D53;
			productRefGroup = 18EF9F032B91F04F00936D53 /* Products */;
			projectDirPath = "";
			projectRoot = "";
			targets = (
				18EF9F012B91F04F00936D53 /* AmaniAICase */,
			);
		};
/* End PBXProject section */

/* Begin PBXResourcesBuildPhase section */
		18EF9F002B91F04F00936D53 /* Resources */ = {
			isa = PBXResourcesBuildPhase;
			buildActionMask = 2147483647;
			files = (
				18EF9F122B91F05000936D53 /* Assets.xcassets in Resources */,
			);
			runOnlyForDeploymentPostprocessing = 0;
		};
/* End PBXResourcesBuildPhase section */

/* Begin PBXSourcesBuildPhase section */
		18EF9EFE2B91F04F00936D53 /* Sources */ = {
			isa = PBXSourcesBuildPhase;
			buildActionMask = 2147483647;
			files = (
				18EF9F102B91F04F00936D53 /* AmaniAICase.xcdatamodeld in Sources */,
				18EF9F542B95DC6B00936D53 /* ListVC.swift in Sources */,
				18EF9F522B95DC6000936D53 /* HomeVC.swift in Sources */,
				18EF9F652B9661A300936D53 /* HomeViewModel.swift in Sources */,
				18EF9F5D2B95E8B300936D53 /* NetworkManager.swift in Sources */,
				18EF9F632B96082200936D53 /* UIImageViewExtensions.swift in Sources */,
				18EF9F062B91F04F00936D53 /* AppDelegate.swift in Sources */,
				18EF9F692B9661B400936D53 /* DetailViewModel.swift in Sources */,
				18EF9F602B9607C600936D53 /* ImageCell.swift in Sources */,
				18EF9F562B95DC7500936D53 /* DetailVC.swift in Sources */,
				18EF9F592B95E83300936D53 /* DataModel.swift in Sources */,
				18EF9F672B9661AD00936D53 /* ListViewModel.swift in Sources */,
			);
			runOnlyForDeploymentPostprocessing = 0;
		};
/* End PBXSourcesBuildPhase section */

/* Begin XCBuildConfiguration section */
		18EF9F172B91F05000936D53 /* Debug */ = {
			isa = XCBuildConfiguration;
			buildSettings = {
				ALWAYS_SEARCH_USER_PATHS = NO;
				CLANG_ANALYZER_NONNULL = YES;
				CLANG_ANALYZER_NUMBER_OBJECT_CONVERSION = YES_AGGRESSIVE;
				CLANG_CXX_LANGUAGE_STANDARD = "gnu++20";
				CLANG_ENABLE_MODULES = YES;
				CLANG_ENABLE_OBJC_ARC = YES;
				CLANG_ENABLE_OBJC_WEAK = YES;
				CLANG_WARN_BLOCK_CAPTURE_AUTORELEASING = YES;
				CLANG_WARN_BOOL_CONVERSION = YES;
				CLANG_WARN_COMMA = YES;
				CLANG_WARN_CONSTANT_CONVERSION = YES;
				CLANG_WARN_DEPRECATED_OBJC_IMPLEMENTATIONS = YES;
				CLANG_WARN_DIRECT_OBJC_ISA_USAGE = YES_ERROR;
				CLANG_WARN_DOCUMENTATION_COMMENTS = YES;
				CLANG_WARN_EMPTY_BODY = YES;
				CLANG_WARN_ENUM_CONVERSION = YES;
				CLANG_WARN_INFINITE_RECURSION = YES;
				CLANG_WARN_INT_CONVERSION = YES;
				CLANG_WARN_NON_LITERAL_NULL_CONVERSION = YES;
				CLANG_WARN_OBJC_IMPLICIT_RETAIN_SELF = YES;
				CLANG_WARN_OBJC_LITERAL_CONVERSION = YES;
				CLANG_WARN_OBJC_ROOT_CLASS = YES_ERROR;
				CLANG_WARN_QUOTED_INCLUDE_IN_FRAMEWORK_HEADER = YES;
				CLANG_WARN_RANGE_LOOP_ANALYSIS = YES;
				CLANG_WARN_STRICT_PROTOTYPES = YES;
				CLANG_WARN_SUSPICIOUS_MOVE = YES;
				CLANG_WARN_UNGUARDED_AVAILABILITY = YES_AGGRESSIVE;
				CLANG_WARN_UNREACHABLE_CODE = YES;
				CLANG_WARN__DUPLICATE_METHOD_MATCH = YES;
				COPY_PHASE_STRIP = NO;
				DEBUG_INFORMATION_FORMAT = dwarf;
				ENABLE_STRICT_OBJC_MSGSEND = YES;
				ENABLE_TESTABILITY = YES;
				GCC_C_LANGUAGE_STANDARD = gnu11;
				GCC_DYNAMIC_NO_PIC = NO;
				GCC_NO_COMMON_BLOCKS = YES;
				GCC_OPTIMIZATION_LEVEL = 0;
				GCC_PREPROCESSOR_DEFINITIONS = (
					"DEBUG=1",
					"$(inherited)",
				);
				GCC_WARN_64_TO_32_BIT_CONVERSION = YES;
				GCC_WARN_ABOUT_RETURN_TYPE = YES_ERROR;
				GCC_WARN_UNDECLARED_SELECTOR = YES;
				GCC_WARN_UNINITIALIZED_AUTOS = YES_AGGRESSIVE;
				GCC_WARN_UNUSED_FUNCTION = YES;
				GCC_WARN_UNUSED_VARIABLE = YES;
				IPHONEOS_DEPLOYMENT_TARGET = 16.4;
				MTL_ENABLE_DEBUG_INFO = INCLUDE_SOURCE;
				MTL_FAST_MATH = YES;
				ONLY_ACTIVE_ARCH = YES;
				SDKROOT = iphoneos;
				SWIFT_ACTIVE_COMPILATION_CONDITIONS = DEBUG;
				SWIFT_OPTIMIZATION_LEVEL = "-Onone";
			};
			name = Debug;
		};
		18EF9F182B91F05000936D53 /* Release */ = {
			isa = XCBuildConfiguration;
			buildSettings = {
				ALWAYS_SEARCH_USER_PATHS = NO;
				CLANG_ANALYZER_NONNULL = YES;
				CLANG_ANALYZER_NUMBER_OBJECT_CONVERSION = YES_AGGRESSIVE;
				CLANG_CXX_LANGUAGE_STANDARD = "gnu++20";
				CLANG_ENABLE_MODULES = YES;
				CLANG_ENABLE_OBJC_ARC = YES;
				CLANG_ENABLE_OBJC_WEAK = YES;
				CLANG_WARN_BLOCK_CAPTURE_AUTORELEASING = YES;
				CLANG_WARN_BOOL_CONVERSION = YES;
				CLANG_WARN_COMMA = YES;
				CLANG_WARN_CONSTANT_CONVERSION = YES;
				CLANG_WARN_DEPRECATED_OBJC_IMPLEMENTATIONS = YES;
				CLANG_WARN_DIRECT_OBJC_ISA_USAGE = YES_ERROR;
				CLANG_WARN_DOCUMENTATION_COMMENTS = YES;
				CLANG_WARN_EMPTY_BODY = YES;
				CLANG_WARN_ENUM_CONVERSION = YES;
				CLANG_WARN_INFINITE_RECURSION = YES;
				CLANG_WARN_INT_CONVERSION = YES;
				CLANG_WARN_NON_LITERAL_NULL_CONVERSION = YES;
				CLANG_WARN_OBJC_IMPLICIT_RETAIN_SELF = YES;
				CLANG_WARN_OBJC_LITERAL_CONVERSION = YES;
				CLANG_WARN_OBJC_ROOT_CLASS = YES_ERROR;
				CLANG_WARN_QUOTED_INCLUDE_IN_FRAMEWORK_HEADER = YES;
				CLANG_WARN_RANGE_LOOP_ANALYSIS = YES;
				CLANG_WARN_STRICT_PROTOTYPES = YES;
				CLANG_WARN_SUSPICIOUS_MOVE = YES;
				CLANG_WARN_UNGUARDED_AVAILABILITY = YES_AGGRESSIVE;
				CLANG_WARN_UNREACHABLE_CODE = YES;
				CLANG_WARN__DUPLICATE_METHOD_MATCH = YES;
				COPY_PHASE_STRIP = NO;
				DEBUG_INFORMATION_FORMAT = "dwarf-with-dsym";
				ENABLE_NS_ASSERTIONS = NO;
				ENABLE_STRICT_OBJC_MSGSEND = YES;
				GCC_C_LANGUAGE_STANDARD = gnu11;
				GCC_NO_COMMON_BLOCKS = YES;
				GCC_WARN_64_TO_32_BIT_CONVERSION = YES;
				GCC_WARN_ABOUT_RETURN_TYPE = YES_ERROR;
				GCC_WARN_UNDECLARED_SELECTOR = YES;
				GCC_WARN_UNINITIALIZED_AUTOS = YES_AGGRESSIVE;
				GCC_WARN_UNUSED_FUNCTION = YES;
				GCC_WARN_UNUSED_VARIABLE = YES;
				IPHONEOS_DEPLOYMENT_TARGET = 16.4;
				MTL_ENABLE_DEBUG_INFO = NO;
				MTL_FAST_MATH = YES;
				SDKROOT = iphoneos;
				SWIFT_COMPILATION_MODE = wholemodule;
				SWIFT_OPTIMIZATION_LEVEL = "-O";
				VALIDATE_PRODUCT = YES;
			};
			name = Release;
		};
		18EF9F1A2B91F05000936D53 /* Debug */ = {
			isa = XCBuildConfiguration;
			buildSettings = {
				ASSETCATALOG_COMPILER_APPICON_NAME = AppIcon;
				ASSETCATALOG_COMPILER_GLOBAL_ACCENT_COLOR_NAME = AccentColor;
				CODE_SIGN_STYLE = Automatic;
				CURRENT_PROJECT_VERSION = 1;
				DEVELOPMENT_TEAM = 98M488Q5TV;
				GENERATE_INFOPLIST_FILE = YES;
				INFOPLIST_FILE = AmaniAICase/App/Info.plist;
				INFOPLIST_KEY_UIApplicationSupportsIndirectInputEvents = YES;
				INFOPLIST_KEY_UISupportedInterfaceOrientations = UIInterfaceOrientationPortrait;
				INFOPLIST_KEY_UISupportedInterfaceOrientations_iPad = "UIInterfaceOrientationLandscapeLeft UIInterfaceOrientationLandscapeRight UIInterfaceOrientationPortrait UIInterfaceOrientationPortraitUpsideDown";
				IPHONEOS_DEPLOYMENT_TARGET = 13.0;
				LD_RUNPATH_SEARCH_PATHS = (
					"$(inherited)",
					"@executable_path/Frameworks",
				);
				MARKETING_VERSION = 1.0;
				PRODUCT_BUNDLE_IDENTIFIER = com.yyerdogmus.AmaniAICase;
				PRODUCT_NAME = "$(TARGET_NAME)";
				SUPPORTED_PLATFORMS = "iphoneos iphonesimulator";
				SUPPORTS_MACCATALYST = NO;
				SUPPORTS_MAC_DESIGNED_FOR_IPHONE_IPAD = NO;
				SWIFT_EMIT_LOC_STRINGS = YES;
				SWIFT_VERSION = 5.0;
				TARGETED_DEVICE_FAMILY = 1;
			};
			name = Debug;
		};
		18EF9F1B2B91F05000936D53 /* Release */ = {
			isa = XCBuildConfiguration;
			buildSettings = {
				ASSETCATALOG_COMPILER_APPICON_NAME = AppIcon;
				ASSETCATALOG_COMPILER_GLOBAL_ACCENT_COLOR_NAME = AccentColor;
				CODE_SIGN_STYLE = Automatic;
				CURRENT_PROJECT_VERSION = 1;
				DEVELOPMENT_TEAM = 98M488Q5TV;
				GENERATE_INFOPLIST_FILE = YES;
				INFOPLIST_FILE = AmaniAICase/App/Info.plist;
				INFOPLIST_KEY_UIApplicationSupportsIndirectInputEvents = YES;
				INFOPLIST_KEY_UISupportedInterfaceOrientations = UIInterfaceOrientationPortrait;
				INFOPLIST_KEY_UISupportedInterfaceOrientations_iPad = "UIInterfaceOrientationLandscapeLeft UIInterfaceOrientationLandscapeRight UIInterfaceOrientationPortrait UIInterfaceOrientationPortraitUpsideDown";
				IPHONEOS_DEPLOYMENT_TARGET = 13.0;
				LD_RUNPATH_SEARCH_PATHS = (
					"$(inherited)",
					"@executable_path/Frameworks",
				);
				MARKETING_VERSION = 1.0;
				PRODUCT_BUNDLE_IDENTIFIER = com.yyerdogmus.AmaniAICase;
				PRODUCT_NAME = "$(TARGET_NAME)";
				SUPPORTED_PLATFORMS = "iphoneos iphonesimulator";
				SUPPORTS_MACCATALYST = NO;
				SUPPORTS_MAC_DESIGNED_FOR_IPHONE_IPAD = NO;
				SWIFT_EMIT_LOC_STRINGS = YES;
				SWIFT_VERSION = 5.0;
				TARGETED_DEVICE_FAMILY = 1;
			};
			name = Release;
		};
/* End XCBuildConfiguration section */

/* Begin XCConfigurationList section */
		18EF9EFD2B91F04F00936D53 /* Build configuration list for PBXProject "AmaniAICase" */ = {
			isa = XCConfigurationList;
			buildConfigurations = (
				18EF9F172B91F05000936D53 /* Debug */,
				18EF9F182B91F05000936D53 /* Release */,
			);
			defaultConfigurationIsVisible = 0;
			defaultConfigurationName = Release;
		};
		18EF9F192B91F05000936D53 /* Build configuration list for PBXNativeTarget "AmaniAICase" */ = {
			isa = XCConfigurationList;
			buildConfigurations = (
				18EF9F1A2B91F05000936D53 /* Debug */,
				18EF9F1B2B91F05000936D53 /* Release */,
			);
			defaultConfigurationIsVisible = 0;
			defaultConfigurationName = Release;
		};
/* End XCConfigurationList section */

/* Begin XCVersionGroup section */
		18EF9F0E2B91F04F00936D53 /* AmaniAICase.xcdatamodeld */ = {
			isa = XCVersionGroup;
			children = (
				18EF9F0F2B91F04F00936D53 /* AmaniAICase.xcdatamodel */,
			);
			currentVersion = 18EF9F0F2B91F04F00936D53 /* AmaniAICase.xcdatamodel */;
			path = AmaniAICase.xcdatamodeld;
			sourceTree = "<group>";
			versionGroupType = wrapper.xcdatamodel;
		};
/* End XCVersionGroup section */
	};
	rootObject = 18EF9EFA2B91F04F00936D53 /* Project object */;
}
